{
  "name": "project",
  "version": "0.1.0",
  "lockfileVersion": 3,
  "requires": true,
  "packages": {
    "": {
      "dependencies": {
        "clsx": "^2.0.0",
        "tailwind-merge": "^2.0.0"
      }
    },
    "node_modules/clsx": {
      "version": "2.1.1",
      "resolved": "https://registry.npmjs.org/clsx/-/clsx-2.1.1.tgz",
      "integrity": "sha512-eYm0QWBtUrBWZWG0d386OGAw16Z995PiOVo2B7bjWSbHedGl5e0ZWaq65kOGgUSNesEIDkB9ISbTg/JK9dhCZA==",
      "engines": {
        "node": ">=6"
      }
    },
    "node_modules/tailwind-merge": {
      "version": "2.5.3",
      "resolved": "https://registry.npmjs.org/tailwind-merge/-/tailwind-merge-2.5.3.tgz",
      "integrity": "sha512-d9ZolCAIzom1nf/5p4LdD5zvjmgSxY0BGgdSvmXIoMYAiPdAW/dSpP7joCDYFY7r/HkEa2qmPtkgsu0xjQeQtw==",
      "funding": {
        "type": "github",
        "url": "https://github.com/sponsors/dcastil"
      }
    }
  }
}
